
Microsoft Visual Studio Solution File, Format Version 12.00
# Visual Studio Version 17
VisualStudioVersion = 17.4.33213.308
MinimumVisualStudioVersion = 10.0.40219.1
Project("{9A19103F-16F7-4668-BE54-9A1E7A4F7556}") = "ExplorerApp", "WebApplication1\ExplorerApp.csproj", "{80084D5A-1E77-432E-8AC3-97123AA8E036}"
EndProject
Global
	GlobalSection(SolutionConfigurationPlatforms) = preSolution
		Debug|Any CPU = Debug|Any CPU
		Release|Any CPU = Release|Any CPU
	EndGlobalSection
	GlobalSection(ProjectConfigurationPlatforms) = postSolution
		{80084D5A-1E77-432E-8AC3-97123AA8E036}.Debug|Any CPU.ActiveCfg = Debug|Any CPU
		{80084D5A-1E77-432E-8AC3-97123AA8E036}.Debug|Any CPU.Build.0 = Debug|Any CPU
		{80084D5A-1E77-432E-8AC3-97123AA8E036}.Release|Any CPU.ActiveCfg = Release|Any CPU
		{80084D5A-1E77-432E-8AC3-97123AA8E036}.Release|Any CPU.Build.0 = Release|Any CPU
	EndGlobalSection
	GlobalSection(SolutionProperties) = preSolution
		HideSolutionNode = FALSE
	EndGlobalSection
	GlobalSection(ExtensibilityGlobals) = postSolution
		SolutionGuid = {1705C015-A5F5-4117-8042-2CDFCB804627}
	EndGlobalSection
EndGlobal
